# THIS IS AN AUTOGENERATED FILE. DO NOT EDIT THIS FILE DIRECTLY.
assets/123Sale_badge.png:
  development: 2017-09-14T12:30:00-04:00   25f348cf14206d9f074d3962e6323b54
assets/321.png:
  development: 2017-09-14T12:30:01-04:00   f76716614edf4e58a9ce7980ca23cb8d
assets/404.png:
  development: 2017-09-14T12:30:01-04:00   8c7b7bf5cb902c50d112cc8ffd2a3c5f
assets/Adult.jpg:
  development: 2017-09-14T12:30:01-04:00   74d1041f398a34404631fb6c9926e913
assets/Air-Fresheners.jpg:
  development: 2017-09-14T12:30:01-04:00   cee913244a395ba725b95fde7c9e4821
assets/AppLogo.png:
  development: 2017-09-14T12:30:02-04:00   2a1824b983e0b9c08b4aefa3a7c2cd5f
assets/Baby.jpg:
  development: 2017-09-14T12:30:02-04:00   6f8df5ab0a361cdc50aa6a93e5b67726
assets/Beauty.jpg:
  development: 2017-09-14T12:30:03-04:00   3fb410d1bc64d5bf9889017f61326d0c
assets/Blessed_Friday_Slider.png:
  development: 2017-09-14T12:30:04-04:00   0423d55faa4e2db36ecf6c3426a6796c
assets/Bread-Bakery.jpg:
  development: 2017-09-14T12:30:04-04:00   6bedac95d3e43ed2fcb2f90e1b602854
assets/Breakfast.jpg:
  development: 2017-09-14T12:30:04-04:00   ff9c5e036468583e89659e1601c62c22
assets/Brooms-Brushes.png:
  development: 2017-09-14T12:30:04-04:00   c00f13c1f60b82444c03a3492290f748
assets/Business_Beverages.png:
  development: 2017-09-14T12:30:05-04:00   b7388f61b1fae7b96db694bac3a109c5
assets/Business_CleaningSupplies.png:
  development: 2017-09-14T12:30:05-04:00   e6849da0c7e4e35b0c2fe19d6758deab
assets/Business_Garbage_Storage.png:
  development: 2017-09-14T12:30:05-04:00   7913191ebdc00a2cc3a9eb4028bd7a9c
assets/Business_Paperproducts.png:
  development: 2017-09-14T12:30:05-04:00   7c9d2a65b71b18c9d940ce924da3a5bd
assets/Business_Snacks.png:
  development: 2017-09-14T12:30:06-04:00   14bc0fa6fe25e55f9adc645ecd01a7c2
assets/Business_Stationary.png:
  development: 2017-09-14T12:30:06-04:00   613c7117abc9c9cbbde2880912ab8b05
assets/Canned-Food.jpg:
  development: 2017-09-14T12:30:06-04:00   6ad1ed30a4f2bfa04fba4e79433e8366
assets/Cleaning_Care.jpg:
  development: 2017-09-14T12:30:07-04:00   e3e1366467502745a937340004b2682e
assets/CleaningCare.jpg:
  development: 2017-09-14T12:30:07-04:00   e3e1366467502745a937340004b2682e
assets/Cloths.png:
  development: 2017-09-14T12:30:07-04:00   634869fe6eac3c84c5f7574ea1b37a6f
assets/Coffee-Tea.jpg:
  development: 2017-09-14T12:30:08-04:00   160914b2d3a5db1af62a0fb389245cfc
assets/Condiments-Spices.jpg:
  development: 2017-09-14T12:30:08-04:00   753c88e4f25a992e1eb3d6f6db002cac
assets/Dairy.jpg:
  development: 2017-09-14T12:30:08-04:00   d9ac92b8d6e6b78a470b4e77eaf90e5d
assets/Dental.jpg:
  development: 2017-09-14T12:30:09-04:00   d86323c2cd7e5458a3cc46d92af6bbb3
assets/Deodorants.jpg:
  development: 2017-09-14T12:30:09-04:00   9a417378c32024382d26a8059b5584fd
assets/Dev_Fine_Slider.png:
  development: 2017-09-14T12:30:09-04:00   4226e5e6b1083660af0545b47b4da0f3
assets/Diapers4.jpg:
  development: 2017-09-14T12:30:10-04:00   5e0f5730fab155a5a29fb8d8af908dee
assets/Dish-Cleaning.jpg:
  development: 2017-09-14T12:30:10-04:00   e1cff46f7e5b0bd63760707b65b7bc23
assets/Electric.jpg:
  development: 2017-09-14T12:30:11-04:00   64d79cc221234f75aa5eba5acbe5a188
assets/Fine-Store-banner.png:
  development: 2017-09-14T12:30:12-04:00   95106f17547b32352c51fca590e24458
assets/Fine_Baby.png:
  development: 2017-09-14T12:30:13-04:00   a974f5a41d4763a861d008e476a754c4
assets/Fine_Blue.png:
  development: 2017-09-14T12:30:13-04:00   e79bfa1d4cf91cb88482b4946b58c9f6
assets/Fine_Blue1.png:
  development: 2017-09-14T12:30:14-04:00   eef07f091cb56d9e4e776dacfa3e7921
assets/Fine_Care.png:
  development: 2017-09-14T12:30:14-04:00   6493c16f0db4de3c593634484e40bc8c
assets/Fine_Care1.png:
  development: 2017-09-14T12:30:14-04:00   7b04427423928e7febf7b883b5874c36
assets/Fine_Slider_1.png:
  development: 2017-09-14T12:30:14-04:00   4226e5e6b1083660af0545b47b4da0f3
assets/Fine_Square-facial-tissue.jpg:
  development: 2017-09-14T12:30:14-04:00   9201398e495514f2fc0f98d139b1096d
assets/Fine_Square_Baby.jpg:
  development: 2017-09-14T12:30:15-04:00   7e6cfc02d28abb103938003e6a77ba88
assets/Fine_Square_No_Link.jpg:
  development: 2017-09-14T12:30:15-04:00   7be21ed8da6f7d35d468a8849609a132
assets/Fine_Square_Toilet.jpg:
  development: 2017-09-14T12:30:16-04:00   0493f585a0cb53659898d97731a74e66
assets/Fine_Square_adult-diaper.jpg:
  development: 2017-09-14T12:30:15-04:00   c177d178c6b56b2acd379b332843bed0
assets/Fine_Square_facial-tissue.jpg:
  development: 2017-09-14T12:30:15-04:00   9201398e495514f2fc0f98d139b1096d
assets/Fine_Square_paper-towel.jpg:
  development: 2017-09-14T12:30:15-04:00   af2b0f502bd254dd4734eb0fc784a0f8
assets/Fine_Tissues.png:
  development: 2017-09-14T12:30:16-04:00   ee2ea17928e7d5fa3addcb405d9dcd63
assets/Fine_Tissues1.png:
  development: 2017-09-14T12:30:16-04:00   a546b2644cb5b8299116f45c241b80b4
assets/Fine_Toilet.png:
  development: 2017-09-14T12:30:16-04:00   99ed3a813543b02e9464467af9fff457
assets/Fine_Toilet1.png:
  development: 2017-09-14T12:30:16-04:00   8b89636cf043f9e05a3329aeabb09445
assets/Fine_Top_Banner.png:
  development: 2017-09-14T12:30:17-04:00   528cc7707edb06606a0901bf59786be3
assets/Fine_TopBanner.jpg:
  development: 2017-09-14T12:30:17-04:00   378f9da8534dca6b8c2e184b173e3b60
assets/Fine_Towel.png:
  development: 2017-09-14T12:30:17-04:00   1c96ba2df4e788417d69871956564e8b
assets/Fine_Towel1.png:
  development: 2017-09-14T12:30:17-04:00   da027a35ee4ca5784542a590e863764a
assets/Garbage_Recycling.jpg:
  development: 2017-09-14T12:30:18-04:00   3953c3e07adb0cc1d7a817dddeea30ae
assets/GarbageRecycling.jpg:
  development: 2017-09-14T12:30:17-04:00   3953c3e07adb0cc1d7a817dddeea30ae
assets/HandCleaning.jpg:
  development: 2017-09-14T12:30:19-04:00   81ad08adbbf3480a021ba107bef15e74
assets/Home-Baking.jpg:
  development: 2017-09-14T12:30:20-04:00   32ec22610ed79d3c95eea1e3e93dabc8
assets/Juices.jpg:
  development: 2017-09-14T12:30:22-04:00   56dbf19be1dca6afb0dfdc28233417e1
assets/Kitchen.jpg:
  development: 2017-09-14T12:30:22-04:00   131744803cff86d36f2bbefaebbef489
assets/Ladies-Hygeine.jpg:
  development: 2017-09-14T12:30:22-04:00   ac1f65a5b4d1dec97424c7d4de0633e4
assets/Laundry-Care.png:
  development: 2017-09-14T12:30:23-04:00   d3791b5bc721e00311ce292c86ea401c
assets/Laundry.jpg:
  development: 2017-09-14T12:30:23-04:00   68e8cfc5a6b19e0bce488a1ca448f876
assets/Meals-Prep.jpg:
  development: 2017-09-14T12:30:24-04:00   95986999e7e5e8abb2bcbb7b0ed9269a
assets/Missed.jpg:
  development: 2017-09-14T12:30:25-04:00   d8e0d2cae5b99e980dd9adb6ef41d497
assets/Mops.png:
  development: 2017-09-14T12:30:25-04:00   a96bc3662798f2df68f4711f24237a5c
assets/NATIONAL.png:
  development: 2017-09-14T12:30:26-04:00   4a8d88995582dc94ac66c41863a99379
assets/Nutrition.jpg:
  development: 2017-09-14T12:30:26-04:00   35c0fe82e4c24a92e67a523d35b07880
assets/Organic-Healthy.jpg:
  development: 2017-09-14T12:30:26-04:00   6f74dcaeccc491fa6f9865049d93384e
assets/Paper-Products.jpg:
  development: 2017-09-14T12:30:27-04:00   6fbad44473a721a443a5e9cf7e21f4f6
assets/Pop.js:
  development: 2017-10-16T07:14:25-04:00   0aa4fec5aac73d7708dade3380a0aea1
assets/Ramadan-Collection-Banner-my.png:
  development: 2017-09-14T12:30:27-04:00   70a7d6a3592c64a72ead95d6bebf7281
assets/Ramadan_Collection_Banner.png:
  development: 2017-09-14T12:30:27-04:00   6372ada17380d6bb9b69250bd084945f
assets/SANADEEG_SMAL_3.png:
  development: 2017-09-14T12:30:29-04:00   2e676aa6ae9559703a03dfa423186c70
assets/Sale.gif:
  development: 2017-09-14T12:30:28-04:00   a8f712d64e3720297244fbf96cab2665
assets/Sale_badge.png:
  development: 2017-09-14T12:30:29-04:00   de650056aed5ff11fe2c3a733a8a094b
assets/Salted-Snacks.jpg:
  development: 2017-09-14T12:30:29-04:00   baf52924b4147173b60463b5f7b089b4
assets/Scourers-sponges.png:
  development: 2017-09-14T12:30:29-04:00   5fe6f5d2090c83f25162ea66079307e7
assets/Shaving.jpg:
  development: 2017-09-14T12:30:29-04:00   2c80c62abcb1daef581f1c9b766744e0
assets/Shower.jpg:
  development: 2017-09-14T12:30:30-04:00   798c4862e527e7653758a08f884acb64
assets/SkinCare.jpg:
  development: 2017-09-14T12:30:30-04:00   09a3aadff1737b1701838bb258d03fc1
assets/Soda-Malts.jpg:
  development: 2017-09-14T12:30:33-04:00   044c2535983a5fa7d76619e0bfb53649
assets/SofiaProLight-webfont.eot:
  development: 2017-09-14T12:30:33-04:00   ff7beca16d7c5d6c3d3f751343abc2ae
assets/SofiaProLight-webfont.svg:
  development: 2017-09-14T12:30:34-04:00   c127cb6f9c4a4dee3f1febdac262779a
assets/SofiaProLight-webfont.ttf:
  development: 2017-09-14T12:30:34-04:00   a687f2c74b2b574af439bec8626afdff
assets/SofiaProLight-webfont.woff:
  development: 2017-09-14T12:30:34-04:00   a5bcf7cb5d3cfee6e1a0256873aa01de
assets/SofiaProLight-webfont.woff2:
  development: 2017-09-14T12:30:34-04:00   63bfaeafbb5e7d855c56e113458f701e
assets/Sports-Energy.jpg:
  development: 2017-09-14T12:30:35-04:00   a2d18e03b9d5d390d04b045b5c403037
assets/Spreads-Sweetners.jpg:
  development: 2017-09-14T12:30:35-04:00   b600359854dbdfe1a5c772e0a93973ab
assets/Stationary.jpg:
  development: 2017-09-14T12:30:35-04:00   81080e0980c11d0bfc15b0c277df3a5f
assets/Surface-Cleaners.jpg:
  development: 2017-09-14T12:30:35-04:00   a0a6735ab0e405ff0464fe8a9776a197
assets/Tabletop_Storage.jpg:
  development: 2017-09-14T12:30:36-04:00   f51eb989102bd54e02839d4a23910647
assets/TabletopStorage.jpg:
  development: 2017-09-14T12:30:36-04:00   f51eb989102bd54e02839d4a23910647
assets/Thank.jpg:
  development: 2017-09-14T12:30:36-04:00   91d49cb6658c8bb6bfde84965d169657
assets/Thank_You.jpg:
  development: 2017-09-14T12:30:36-04:00   91d49cb6658c8bb6bfde84965d169657
assets/Tissue.jpg:
  development: 2017-09-14T12:30:36-04:00   052cfc198413341bdf6079fc1b06e3eb
assets/Toilet.jpg:
  development: 2017-09-14T12:30:37-04:00   8766080ab031245a0eed63268987977d
assets/Untitled-1.jpg:
  development: 2017-09-14T12:30:37-04:00   f1137bf982b064f8a450a7088f1e4c24
assets/Water-Sparkling.jpg:
  development: 2017-09-14T12:30:38-04:00   8388d32964c269e709bf3a72517438e4
assets/Wipes.jpg:
  development: 2017-09-14T12:30:39-04:00   f30a05b26e523d06ac73be1d6c1c2ee5
assets/account.png:
  development: 2017-09-14T12:30:01-04:00   dbce323a9a8e1d5177d0b8cb3c1998b1
assets/addtocart.js:
  development: 2017-09-28T00:46:53-04:00   5670d4873d362b6526f62d499bc73d36
assets/adultcare.png:
  development: 2017-09-14T12:30:01-04:00   a2bbe4104a6822b8d1b6533696b3b76b
assets/ajaxaddtocart.js.liquid:
  development: 2017-10-06T06:02:17-04:00   68b329da9893e34099c7d8ad5cb9c940
assets/ajaxify.js.liquid:
  development: 2017-09-14T12:30:02-04:00   47be12dad1f7b18f28cfa89345641bc9
assets/ajaxify.scss.liquid:
  development: 2017-09-14T12:30:02-04:00   917aef2a13fc156201c8782217f556b6
assets/app-store.png:
  development: 2017-09-14T12:30:02-04:00   12a40d838af1979d6e22f440195f4508
assets/arrow-down.svg.liquid:
  development: 2017-09-14T12:30:02-04:00   8ef09e0a76c55257323a2545c5fd0446
assets/arrows.png:
  development: 2017-09-14T12:30:02-04:00   09b24f1a73b9eeb5cc62db7ec0b60bca
assets/baby.png:
  development: 2017-09-14T12:30:03-04:00   613ff6a697e39a2dd8163a361df1b55c
assets/bar.css:
  development: 2017-09-14T12:30:03-04:00   73a61ffa76540d42e7ab928fb164afbd
assets/blank.png:
  development: 2017-09-14T12:30:03-04:00   d026df7d84f5196da3fb45250954076b
assets/boxed-header.jpg:
  development: 2017-09-14T12:30:04-04:00   8238178c3f9ef4ea4222e1d3c6cd961a
assets/bullets.png:
  development: 2017-09-14T12:30:05-04:00   acc66fce35a54d815a3aa3fd573cdd90
assets/cart-icon.png:
  development: 2017-09-14T12:30:06-04:00   12c614bc6667de89849d24661dbad73a
assets/circle.css:
  development: 2017-09-14T12:30:07-04:00   38dca9565d1f8128ce18bef6792bbd72
assets/cookies-bars.jpg:
  development: 2017-09-14T12:30:08-04:00   ce31f3e9d9f8b527cdb6c8a54e579efe
assets/create-account.png:
  development: 2017-09-14T12:30:08-04:00   d343a392f392a980d6a7357d063ed361
assets/custom.css.liquid:
  development: 2017-09-14T12:30:08-04:00   3d232329c2623785cf883923115775cb
assets/dark.css:
  development: 2017-09-14T12:30:09-04:00   8527aac03052e3abf0406214eb12784a
assets/default.css:
  development: 2017-09-14T12:30:09-04:00   972683acd9a6ccc4d2fd65a1a084f5cb
assets/dev_Fine_Top_Banner.png:
  development: 2017-09-14T12:30:10-04:00   528cc7707edb06606a0901bf59786be3
assets/edit-xxl.png:
  development: 2017-09-14T12:30:11-04:00   cd6d71f7180e6c862aad1db8a6932575
assets/facial-toilet.png:
  development: 2017-09-14T12:30:11-04:00   c3ca4c0a8e3d27f899026b2a721c3c76
assets/facial.png:
  development: 2017-09-14T12:30:12-04:00   fdf178b7d89401e322e8f91af0811840
assets/fastclick.min.js:
  development: 2017-09-14T12:30:12-04:00   4c68290ccc4d503561895dff0821621f
assets/favicon.ico:
  development: 2017-09-14T12:30:12-04:00   275110fbc386db483f72e01c7da394d2
assets/favicon.png:
  development: 2017-09-14T12:30:12-04:00   715f9433332ac654263ca304384f0707
assets/fb.png:
  development: 2017-09-14T12:30:12-04:00   ea1f15abbab54bb74eb62ecccfcf05c1
assets/frontPopup.js:
  development: 2017-10-03T05:21:45-04:00   4e64b87813b139df6209a3d46787389b
assets/google-app.png:
  development: 2017-09-14T12:30:18-04:00   426c7e05bd5c29953bc63d5a0d12b795
assets/groccery.jpg:
  development: 2017-09-14T12:30:18-04:00   34e5c18c25a5f1f0694b55b62907e51b
assets/groceery.jpg:
  development: 2017-09-14T12:30:19-04:00   51020b90cdf98f3ed0bc7b36ae758aec
assets/h-story-icon1.png:
  development: 2017-09-14T12:30:19-04:00   ad8044da80d43580a8f42bf2ec06b74a
assets/h-story-icon2.png:
  development: 2017-09-14T12:30:19-04:00   7401aae6cff0d2d2c57aa588c9d94bb1
assets/h-story-icon3.png:
  development: 2017-09-14T12:30:19-04:00   509bad3179e7a359d6298d3ec6d6bfa5
assets/handlebars.min.js:
  development: 2017-09-14T12:30:19-04:00   b3c11508a224ee83f86e2fc6491e9751
assets/icon1.png:
  development: 2017-09-14T12:30:20-04:00   8b38cd2fb7287a3ed60385e9c724ef8f
assets/icon2.png:
  development: 2017-09-14T12:30:20-04:00   1d2fd07df0d45e4733c6265c5932a5e6
assets/icon3.png:
  development: 2017-09-14T12:30:20-04:00   fa974ee1f63e3d79e0251aaa4dcaa15e
assets/icons.eot:
  development: 2017-09-14T12:30:20-04:00   d35f502d56bf48eb5a1afcede5aa27c7
assets/icons.json:
  development: 2017-09-14T12:30:20-04:00   5f1e46b995da51df647634bf0d378900
assets/icons.svg:
  development: 2017-09-14T12:30:21-04:00   1e19569e9c41a9813eec430f9132b0f5
assets/icons.ttf:
  development: 2017-09-14T12:30:21-04:00   3b03d4df895db7ae7c63f2c052d1637e
assets/icons.woff:
  development: 2017-09-14T12:30:21-04:00   a17d2f34688f78111a35792202e441d6
assets/instagram.png:
  development: 2017-09-14T12:30:21-04:00   88d155a358bc10c29ce894624763d467
assets/jj.js:
  development: 2017-09-14T12:30:21-04:00   0652da382b6fceb033dfe2b6c06d4d11
assets/jquery.flexslider.min.js:
  development: 2017-09-14T12:30:21-04:00   9ec3c315b67f434aabc4da58eabc6c3a
assets/jquery.nivo.slider.js:
  development: 2017-09-14T12:30:21-04:00   9cfa8605d0c25f8aaa78b14812e1577f
assets/jquery.popup.min.js:
  development: 2017-09-14T12:30:22-04:00   237deb3d79a9bbcff3efa92225b18d61
assets/jquery.zoom.min.js:
  development: 2017-09-14T12:30:22-04:00   39dbe5d6099efe7c2e702636b8d0dcda
assets/light.css:
  development: 2017-09-14T12:30:23-04:00   7b459e80dcd2ed96f1b13c8ee94de06e
assets/loader.gif:
  development: 2017-09-26T08:19:07-04:00   a996f7f8baf8c18737d3ccfaddc30002
assets/loading_image.gif:
  development: 2017-10-12T04:48:27-04:00   f442b812237913800f3da240806a9355
assets/logic_trk.js:
  development: 2017-09-14T12:30:23-04:00   e396372de5d9dbd65f09b1391468358c
assets/logo.png:
  development: 2017-09-14T12:30:23-04:00   a98426e3ad4eed4143f1aa8b3615a49e
assets/masonry.js:
  development: 2017-09-14T12:30:23-04:00   87b3b35237efbbe12a2357f5f3855cfb
assets/mastercard.jpg:
  development: 2017-09-14T12:30:24-04:00   0450a1bba8019e30d115c9829933d761
assets/match-media.min.js:
  development: 2017-09-14T12:30:24-04:00   9e431a1a6b7a8c12af2cef5c2a1ce14f
assets/menu-close.png:
  development: 2017-09-14T12:30:24-04:00   800b92d2efccd9b6d8940dc54090485f
assets/menu-toggle.png:
  development: 2017-09-14T12:30:25-04:00   c8187c66783c309d2424f3ad066a5ff9
assets/mm-init.js:
  development: 2017-09-14T12:30:25-04:00   489c00e1c529a36360a509a3a30c4f14
assets/modernizr.min.js:
  development: 2017-09-14T12:30:25-04:00   e8a7c9329f429b2b271e31c540e61075
assets/new-banner.jpg:
  development: 2017-09-14T12:30:26-04:00   a82fe7c52dc467f0aa01571a65a463cb
assets/nivo-slider.css:
  development: 2017-09-14T12:30:26-04:00   d958a618b211c9391ef05499ad7f1eff
assets/nivostyle.css:
  development: 2017-09-14T12:30:26-04:00   b98468cb9c5a51afe9e32acf99664274
assets/password-page-background.jpg:
  development: 2017-09-14T12:30:27-04:00   4d5821272f875e5c11dd3a8c8e1d6133
assets/pop_up.js:
  development: 2017-09-14T12:30:27-04:00   090f3c3efa198273d003e8f142e97174
assets/popup.png:
  development: 2017-09-14T12:30:27-04:00   0c26b1d2ecbff61dce3f4ef68b3964a9
assets/respond-proxy.html:
  development: 2017-09-14T12:30:28-04:00   f750e28e1c34dfc5cd717a047df88877
assets/respond.min.js:
  development: 2017-09-14T12:30:28-04:00   a2684e9b8fa50d6d11c56a9ada068528
assets/responsiveslides.min.js:
  development: 2017-09-14T12:30:28-04:00   e0289984dca27448c5d08ed905598c4a
assets/sale-badge-512.gif:
  development: 2017-09-14T12:30:28-04:00   ccb868df40855d89c978a71083ea295c
assets/sca-jquery.fancybox.css:
  development: 2017-11-03T00:35:48-04:00   3bf647fcd6ab1b98a4fddcb72ed64320
assets/sca-quick-view.css:
  development: 2017-11-03T00:35:48-04:00   4292598585d67f26da67bbc705dd05ae
assets/sca-qv-no-image.jpg:
  development: 2017-11-03T00:35:48-04:00   0688db33c9498c71d7f258d6d56918d8
assets/sca-qv-scripts-noconfig.js:
  development: 2017-11-03T00:35:50-04:00   e3fbd678000358f37c9343692771ba62
assets/shop.js.liquid:
  development: 2017-09-14T12:30:29-04:00   b93c14a0d4f4e361a43126d543b5da5a
assets/shoplist.js.liquid:
  development: 2017-10-17T03:24:42-04:00   4b1a92024c06bea2df3c7c521aa2a15e
assets/sign-up-icon.png:
  development: 2017-09-14T12:30:30-04:00   da42ae7114ba7589a24e15e72d88f974
assets/slide_1.jpg:
  development: 2017-09-14T12:30:30-04:00   b99ef20f99eb55bdb7dd84dc9bb1562c
assets/slide_2.jpg:
  development: 2017-09-14T12:30:30-04:00   8096e88ac767aa47de3cb7b7e591c85c
assets/slide_3.jpg:
  development: 2017-09-14T12:30:30-04:00   62e540a6bd982aa9da36fb947eb31ceb
assets/slide_4.jpg:
  development: 2017-09-14T12:30:31-04:00   513f996ffdcaa43a6b7b33174daf90a6
assets/slide_5.jpg:
  development: 2017-09-14T12:30:31-04:00   41ebd9fdff582558904f34e8a1989298
assets/slide_new.jpg:
  development: 2017-09-14T12:30:31-04:00   f59c15f915d870a767532db490301b0e
assets/slide_new_1.jpg:
  development: 2017-09-14T12:30:31-04:00   62e540a6bd982aa9da36fb947eb31ceb
assets/slide_new_2.jpg:
  development: 2017-09-14T12:30:31-04:00   513f996ffdcaa43a6b7b33174daf90a6
assets/slide_new_4.jpg:
  development: 2017-09-14T12:30:31-04:00   fb14f1f307ba15f392cea697a590f450
assets/slide_new_5.jpg:
  development: 2017-09-14T12:30:32-04:00   d963c2feeb515dafe7a3e2e54d6c1624
assets/slide_new_6.jpg:
  development: 2017-09-14T12:30:32-04:00   af284d594886e88bfdfc3e1b445667b0
assets/slide_new_7.jpg:
  development: 2017-09-14T12:30:33-04:00   90474fb9093c6fe0d09c87c3bf36c3c4
assets/slide_new_8.jpg:
  development: 2017-09-14T12:30:33-04:00   69cf7ca5a1259da6ba70095f48f022da
assets/subcat_banner.jpg:
  development: 2017-09-14T12:30:35-04:00   3262c4eef162ba3c8f0f4458d5e2b6fa
assets/swymJS.js:
  development: 2017-09-14T12:30:35-04:00   5f87ff0dd817b6dec479f7e0d9573da5
assets/timber.scss.liquid:
  development: 2017-09-14T12:30:36-04:00   df0ccdb5210d3a0209eba0cf66347c3b
assets/twitter.png:
  development: 2017-09-14T12:30:37-04:00   12eb8bbb1d5bd2ff88438c1966738a64
assets/vileda-1.png:
  development: 2017-09-14T12:30:37-04:00   7d557e4efbeb04297caee0e461639ee0
assets/vileda-2.png:
  development: 2017-09-14T12:30:37-04:00   fc88e78670281d04447b40cf6b9c6258
assets/vileda-3.png:
  development: 2017-09-14T12:30:38-04:00   2053f7a970138fdb04dad48d764d907a
assets/visa.jpg:
  development: 2017-09-14T12:30:38-04:00   f74b70a72e9f10c2a6f378256be9b614
assets/welcome.jpg:
  development: 2017-09-14T12:30:38-04:00   f26a28dea8ac149b8c15fcd2d252b87e
assets/what.css:
  development: 2017-09-14T12:30:38-04:00   f82160cd46c653e22379e6bd397112c0
assets/wookmark.js:
  development: 2017-09-14T12:30:39-04:00   90a1e9092bc15d86b4c9f56d9b3f0307
config/settings_data.json:
  development: 2017-09-14T12:29:59-04:00   ac9d8e5f8ac7f5e5c7e7512200fa0080
config/settings_schema.json:
  development: 2017-09-14T12:30:39-04:00   5a8aa8113bb4a9463a7a61f196a428d1
layout/SWYM_BACKUP_theme.liquid:
  development: 2017-09-14T12:30:39-04:00   72baa0a4eba0e841e6434ec988962fbe
layout/theme.liquid:
  development: 2017-11-03T00:35:49-04:00   1c0615f4071a77db5fe36b94f1ee5d3a
locales/de.json:
  development: 2017-09-14T12:30:48-04:00   a432103a2502388879efd37569fc8c58
locales/en.default.json:
  development: 2017-09-14T12:30:48-04:00   5a01a2d310e8ad659917ad5e4f3bdfd6
locales/es.json:
  development: 2017-09-14T12:30:48-04:00   ea0c4d30ced860a54423dcd6299a160d
locales/fr.json:
  development: 2017-09-14T12:30:48-04:00   2901a0d17fc1202269f84e9f9acf7b26
locales/pt-BR.json:
  development: 2017-09-14T12:30:48-04:00   3f680642767b3c62b99e8d6dddb524c9
locales/pt-PT.json:
  development: 2017-09-14T12:30:49-04:00   98ad888deada9edae774a7a02320a069
snippets/ShopList.liquid:
  development: 2017-10-16T01:57:13-04:00   950fb11a8adf7807d6c382e318afe903
snippets/add-to-cart.liquid:
  development: 2017-09-14T12:30:39-04:00   8c74952161910addba6d974b3d057123
snippets/advanced-tag-loop.liquid:
  development: 2017-09-14T12:30:39-04:00   38185bb26b643e9c624e0208f99e8bd5
snippets/ajax-cart-template.liquid:
  development: 2017-09-14T12:30:39-04:00   caa686b2bc807db857d1e512af70c086
snippets/blog-sidebar.liquid:
  development: 2017-09-14T12:30:40-04:00   7239c9eff2b50455c921a76d40bcdd21
snippets/breadcrumb.liquid:
  development: 2017-09-14T12:30:40-04:00   dbddf00c107e1d71d80d3a34e75906d7
snippets/buddha-megamenu-before.liquid:
  development: 2017-09-14T12:30:40-04:00   e683fec66b16873214071e2d1d446e63
snippets/buddha-megamenu.liquid:
  development: 2017-09-14T12:30:40-04:00   736a3e91f3566909875553aafdea35fb
snippets/collection-grid-item.liquid:
  development: 2017-09-14T12:30:40-04:00   9a3fe20f1ef37cf9f6d703a92097c8ec
snippets/collection-list-item.liquid:
  development: 2017-09-14T12:30:40-04:00   fdd946ecc650a6b714db8cfaa30bc881
snippets/collection-sidebar.liquid:
  development: 2017-10-14T00:43:56-04:00   8dacb7f9a769b06dcf4c10244a63cc9b
snippets/collection-sorting.liquid:
  development: 2017-09-14T12:30:40-04:00   de2ad89d166d7caab592bf3b6678019d
snippets/collection-views.liquid:
  development: 2017-09-14T12:30:40-04:00   d442980f19d4587637ddbf82151bc6a2
snippets/comment.liquid:
  development: 2017-09-14T12:30:40-04:00   f05ec37200b573bd7af44200c40e441c
snippets/featured-collection.liquid:
  development: 2017-09-14T12:30:40-04:00   32bb9d0aa40741d14b8ae53f1779b781
snippets/featured-row.liquid:
  development: 2017-09-14T12:30:41-04:00   74cabad80fa0719ad180ab8278c9aac1
snippets/form-errors-custom.liquid:
  development: 2017-09-14T12:30:41-04:00   45e358383a6e0c2c3a6cfabef66d6914
snippets/google-fonts.liquid:
  development: 2017-09-14T12:30:41-04:00   27251a1473b2ad0c092c4e38a49dacb5
snippets/home-content.liquid:
  development: 2017-09-14T12:30:41-04:00   25e0872ebed71d43d1d776f2222111f5
snippets/home-content1.liquid:
  development: 2017-09-14T12:30:41-04:00   ea055224c9e9a076c0225e760d879b0d
snippets/home-featured-collections.liquid:
  development: 2017-09-14T12:30:41-04:00   d0fdb017b280b66450205ec887dda495
snippets/home-featured-rows.liquid:
  development: 2017-09-14T12:30:41-04:00   a89d61a58c2ad3d7edb2310719740d72
snippets/home-featured-rows2.liquid:
  development: 2017-09-14T12:30:41-04:00   3fe9fbd4abebf197a82c146806849c3a
snippets/newsletter-form.liquid:
  development: 2017-09-14T12:30:41-04:00   dbba828e0d94d0578a61c7e8a4777afe
snippets/oldIE-js.liquid:
  development: 2017-09-14T12:30:41-04:00   11909dd36f930c1e2043367d7e264788
snippets/open-graph-tags.liquid:
  development: 2017-09-14T12:30:42-04:00   3cd91d8f9f7431de8cd3ac861d841308
snippets/pagination-custom.liquid:
  development: 2017-09-14T12:30:42-04:00   127cffa8ffa298b566dcefde15c545e8
snippets/price-sale.liquid:
  development: 2017-09-14T12:30:42-04:00   97efd0ae3242bf2aa0d88eb9eb50d278
snippets/price.liquid:
  development: 2017-09-14T12:30:42-04:00   e0f43e30678f3d38f79f284eb476aed9
snippets/product-grid-item.liquid:
  development: 2017-10-06T06:02:49-04:00   9f5a76ddc49197a84507751754ec8855
snippets/product-list-item.liquid:
  development: 2017-10-06T05:46:18-04:00   c8c2b2d0df53db44e78731acbbdf6532
snippets/related-products.liquid:
  development: 2017-09-14T12:30:42-04:00   082c2042f7f495fcee93d1cfdae6a270
snippets/respond.liquid:
  development: 2017-09-14T12:30:42-04:00   296108cb94e6cb82d515ebb93308ef68
snippets/ruru-megamenu-before.liquid:
  development: 2017-09-14T12:30:42-04:00   99a7ed553365c761fd5e989c0ff3c3d2
snippets/sca-quick-view-init.liquid:
  development: 2017-11-03T00:35:49-04:00   776d95f5f36a89566e575b307f9b32a3
snippets/sca-quick-view-template.liquid:
  development: 2017-11-03T00:35:49-04:00   392b78ec214a2696d7cfd28771fd558d
snippets/sca-quick-view.liquid:
  development: 2017-11-03T00:35:49-04:00   cbe79bbe88087f73401c986520ce1e26
snippets/search-autocomplete.liquid:
  development: 2017-09-18T05:27:43-04:00
snippets/search-bar.liquid:
  development: 2017-10-16T03:34:20-04:00   a0eff29b7f31321db2fa6dbc4791788c
snippets/search-result-grid.liquid:
  development: 2017-09-27T08:17:58-04:00   adbebcecdd4bbfe6ce8ff40436ccf5a8
snippets/search-result.liquid:
  development: 2017-09-14T12:30:43-04:00   7414351dee74533d501dc9e8baf46107
snippets/shappify-bdl-load-bundle.liquid:
  development: 2017-09-14T12:30:43-04:00   a53b95ab897c717599d17fc20891c7f0
snippets/shappify-bdl-min-price.liquid:
  development: 2017-09-14T12:30:43-04:00   a72dd2d52c738a660f156141c67366a8
snippets/shappify-bdl-no-select.liquid:
  development: 2017-09-14T12:30:43-04:00   6345417d2cbb721bd79041d0f8b989bd
snippets/shopListDetail.liquid:
  development: 2017-10-17T03:22:11-04:00   e51fe24df167843ebb4124aada69c333
snippets/site-nav.liquid:
  development: 2017-09-14T12:30:43-04:00   b599da73910896ebbd6b5e8dde353698
snippets/slider.liquid:
  development: 2017-09-14T12:30:43-04:00
snippets/social-sharing.liquid:
  development: 2017-09-14T12:30:44-04:00   cfaf509c3cfddba40f2a02eb410b138b
snippets/svg-definitions.liquid:
  development: 2017-09-14T12:30:44-04:00   fe4fbc64d534e355fd8653de4ebac79a
snippets/swym-product-view.liquid:
  development: 2017-09-14T12:30:44-04:00   53506c94eb2b670a8992ac7f2e2d100f
snippets/swymSnippet.liquid:
  development: 2017-09-14T12:30:44-04:00   59ad662ac3ee52941cbdb375188c1ef1
snippets/tags-article.liquid:
  development: 2017-09-14T12:30:44-04:00   120135d63ee0fb78c22e0cc43b388cd8
snippets/toggle-filters.liquid:
  development: 2017-09-14T12:30:44-04:00   c37af0c27a3ca79684543cd280dc4fea
snippets/twitter-card.liquid:
  development: 2017-09-14T12:30:44-04:00   f450e40a12bd258c297508f381d620dc
snippets/upside-pagination.liquid:
  development: 2017-09-14T12:30:44-04:00   3db775b24be19d5746d4e18eeb2125c7
templates/404.liquid:
  development: 2017-09-14T12:30:44-04:00   b2cf75915ace7fa256846442a262a265
templates/article.liquid:
  development: 2017-09-14T12:30:45-04:00   4986faf272a89722bbd0327977fdf6c0
templates/blog.liquid:
  development: 2017-09-14T12:30:45-04:00   dc88b7f893c1c4cba667a03b0e1eeda0
templates/cart.liquid:
  development: 2017-09-14T12:30:45-04:00   f5481776b3774775c06bc6d005d7922d
templates/collection.business.liquid:
  development: 2017-09-14T12:30:45-04:00   a6babe545252facfd744cc27d89b5e1f
templates/collection.liquid:
  development: 2017-10-11T05:39:31-04:00   9f67772bb68ab9c7e5e499ffdc48b7c1
templates/collection.list.liquid:
  development: 2017-09-14T12:30:45-04:00   232dbb00b4a24db02d55c7ae5850cf39
templates/customers/account.liquid:
  development: 2017-09-14T12:30:45-04:00   872514ad8314313cc331a028bb9b086a
templates/customers/activate_account.liquid:
  development: 2017-09-14T12:30:45-04:00   1d298b29ccdc2e75ce3b91b12ecbe063
templates/customers/addresses.liquid:
  development: 2017-09-14T12:30:45-04:00   e2ba7e0d014808dfa70856b71af4859d
templates/customers/login.liquid:
  development: 2017-09-14T12:30:46-04:00   d8c7b8b76cf7a24a5dcc368569c29cd9
templates/customers/order.liquid:
  development: 2017-09-14T12:30:46-04:00   eba00f51b59959727e62abd0d183865d
templates/customers/register.liquid:
  development: 2017-09-14T12:30:46-04:00   6ad25f81ae28c96eb2db820025ba7c4d
templates/customers/reset_password.liquid:
  development: 2017-09-14T12:30:46-04:00   13689494286b2143deaf8e10f60e0e94
templates/gift_card.liquid:
  development: 2017-09-14T12:30:46-04:00   e9c13e6e972f5ee1154bf77535dfa7dd
templates/index.liquid:
  development: 2017-09-14T12:30:46-04:00   e91d3780b7f98824717b24fd8890fece
templates/index.sca.quickviewpro.liquid:
  development: 2017-11-03T00:35:48-04:00   827124e02c02d367705988166f712696
templates/list-collections.liquid:
  development: 2017-09-14T12:30:46-04:00   e87ef306fab1637c64d5c62d5e09ddf5
templates/page.comming_soon.liquid:
  development: 2017-09-14T12:30:46-04:00   d990f52aa862e410178b531757120183
templates/page.contact.liquid:
  development: 2017-09-14T12:30:46-04:00   f62bcf84b6cb34133297dadcab355924
templates/page.displaydata.liquid:
  development: 2017-10-14T06:15:24-04:00   2324f6f1dddf8fa61ef25995b0599ac0
templates/page.edit-account.liquid:
  development: 2017-09-14T12:30:46-04:00   7a8728ddb096a19246ece73e4a32dd94
templates/page.liquid:
  development: 2017-09-14T12:30:47-04:00   d990f52aa862e410178b531757120183
templates/page.list-collections.liquid:
  development: 2017-09-14T12:30:47-04:00   15ad2844120e2757eb4ce5fc4c60b2db
templates/page.my-discounts.liquid:
  development: 2017-09-14T12:30:47-04:00   9c012cfa991de029cdecbd44ee719f45
templates/page.referral-link.liquid:
  development: 2017-09-14T12:30:47-04:00   41d88d17800816d001796adffdcb2a08
templates/page.seachdisplaypage.liquid:
  development: 2017-09-28T05:52:30-04:00   02099856bc61d41db1e235c793988bab
templates/page.searchnew.liquid:
  development: 2017-09-25T06:06:48-04:00   d990f52aa862e410178b531757120183
templates/page.shopList.liquid:
  development: 2017-09-20T01:57:01-04:00   530cfd374bf4958a33206093fb1f7c11
templates/page.slider.liquid:
  development: 2017-09-14T12:30:47-04:00   8c888ec814ae627e051cc338d88faae0
templates/page.view-order.liquid:
  development: 2017-09-14T12:30:47-04:00   90ed4cbee18f0057b40212ab12ce2583
templates/password.alternate.liquid:
  development: 2017-10-03T02:54:38-04:00   837460f3b451511791b74fd2d404cfb0
templates/password.liquid:
  development: 2017-09-14T12:30:47-04:00   837460f3b451511791b74fd2d404cfb0
templates/product.liquid:
  development: 2017-09-19T05:08:16-04:00   38db6c46730b227815308667a213b320
templates/search.json.liquid:
  development: 2017-09-14T23:57:19-04:00
templates/search.liquid:
  development: 2017-10-14T06:16:47-04:00   7546e7000372e359a62a35259ac028a0
